
Microsoft Visual Studio Solution File, Format Version 12.00
# Visual Studio Version 16
VisualStudioVersion = 16.0.30320.27
MinimumVisualStudioVersion = 10.0.40219.1
Project("{9A19103F-16F7-4668-BE54-9A1E7A4F7556}") = "SalesTaxes", "SalesTaxes.csproj", "{AD6EF40A-B028-4D3E-8A37-27519111B574}"
EndProject
Project("{FAE04EC0-301F-11D3-BF4B-00C04F79EFBC}") = "UnitTestForUtilityMethods", "..\UnitTestForUtilityMethods\UnitTestForUtilityMethods.csproj", "{BDE2D637-DECC-49D9-AAEC-E0A112FF6242}"
EndProject
Global
	GlobalSection(SolutionConfigurationPlatforms) = preSolution
		Debug|Any CPU = Debug|Any CPU
		Release|Any CPU = Release|Any CPU
	EndGlobalSection
	GlobalSection(ProjectConfigurationPlatforms) = postSolution
		{AD6EF40A-B028-4D3E-8A37-27519111B574}.Debug|Any CPU.ActiveCfg = Debug|Any CPU
		{AD6EF40A-B028-4D3E-8A37-27519111B574}.Debug|Any CPU.Build.0 = Debug|Any CPU
		{AD6EF40A-B028-4D3E-8A37-27519111B574}.Release|Any CPU.ActiveCfg = Release|Any CPU
		{AD6EF40A-B028-4D3E-8A37-27519111B574}.Release|Any CPU.Build.0 = Release|Any CPU
		{BDE2D637-DECC-49D9-AAEC-E0A112FF6242}.Debug|Any CPU.ActiveCfg = Debug|Any CPU
		{BDE2D637-DECC-49D9-AAEC-E0A112FF6242}.Debug|Any CPU.Build.0 = Debug|Any CPU
		{BDE2D637-DECC-49D9-AAEC-E0A112FF6242}.Release|Any CPU.ActiveCfg = Release|Any CPU
		{BDE2D637-DECC-49D9-AAEC-E0A112FF6242}.Release|Any CPU.Build.0 = Release|Any CPU
	EndGlobalSection
	GlobalSection(SolutionProperties) = preSolution
		HideSolutionNode = FALSE
	EndGlobalSection
	GlobalSection(ExtensibilityGlobals) = postSolution
		SolutionGuid = {1A8C459F-DEB0-4968-8CAC-0F2D5361CF55}
	EndGlobalSection
EndGlobal
